# Generated by pub
# See https://dart.dev/tools/pub/glossary#lockfile
packages:
  _flutterfire_internals:
    dependency: transitive
    description:
      name: _flutterfire_internals
      sha256: f175bc1414e4edf8c5b83372c98eeabecf8353f39c9da423c2cfdf1f1f508788
      url: "https://pub.dev"
    source: hosted
    version: "1.1.0"
  async:
    dependency: transitive
    description:
      name: async
      sha256: bfe67ef28df125b7dddcea62755991f807aa39a2492a23e1550161692950bbe0
      url: "https://pub.dev"
    source: hosted
    version: "2.10.0"
  boolean_selector:
    dependency: transitive
    description:
      name: boolean_selector
      sha256: "6cfb5af12253eaf2b368f07bacc5a80d1301a071c73360d746b7f2e32d762c66"
      url: "https://pub.dev"
    source: hosted
    version: "2.1.1"
  characters:
    dependency: transitive
    description:
      name: characters
      sha256: "04a925763edad70e8443c99234dc3328f442e811f1d8fd1a72f1c8ad0f69a605"
      url: "https://pub.dev"
    source: hosted
    version: "1.3.0"
  clock:
    dependency: transitive
    description:
      name: clock
      sha256: cb6d7f03e1de671e34607e909a7213e31d7752be4fb66a86d29fe1eb14bfb5cf
      url: "https://pub.dev"
    source: hosted
    version: "1.1.1"
  cloud_firestore:
    dependency: "direct main"
    description:
      name: cloud_firestore
      sha256: "3a2dba23d7d084a2d3c2dfd240d2122908cca40bab2d142f7e107f40df174ab5"
      url: "https://pub.dev"
    source: hosted
    version: "4.5.0"
  cloud_firestore_platform_interface:
    dependency: transitive
    description:
      name: cloud_firestore_platform_interface
      sha256: "29349a0687bc31290ab81d1de2b1cdadb40d0ea3ab30d247323c6c5be0d4c6fc"
      url: "https://pub.dev"
    source: hosted
    version: "5.12.0"
  cloud_firestore_web:
    dependency: transitive
    description:
      name: cloud_firestore_web
      sha256: bc1fbcd6287acedded1139c9b13cfd47e792d5198f130f98759464839ea510a7
      url: "https://pub.dev"
    source: hosted
    version: "3.4.0"
  collection:
    dependency: transitive
    description:
      name: collection
      sha256: "4a07be6cb69c84d677a6c3096fcf960cc3285a8330b4603e0d463d15d9bd934c"
      url: "https://pub.dev"
    source: hosted
    version: "1.17.1"
  cupertino_icons:
    dependency: "direct main"
    description:
      name: cupertino_icons
      sha256: e35129dc44c9118cee2a5603506d823bab99c68393879edb440e0090d07586be
      url: "https://pub.dev"
    source: hosted
    version: "1.0.5"
  fake_async:
    dependency: transitive
    description:
      name: fake_async
      sha256: "511392330127add0b769b75a987850d136345d9227c6b94c96a04cf4a391bf78"
      url: "https://pub.dev"
    source: hosted
    version: "1.3.1"
  firebase_auth:
    dependency: "direct main"
    description:
      name: firebase_auth
      sha256: "3d33d6646f08407122cd2cbd292d274b98035d93f59c9e341ba992ebefd59ffa"
      url: "https://pub.dev"
    source: hosted
    version: "4.4.0"
  firebase_auth_platform_interface:
    dependency: transitive
    description:
      name: firebase_auth_platform_interface
      sha256: "5d5f283517ba34afd69ef448cc81ea23bcf8887393bedae4f70f45060b045fb9"
      url: "https://pub.dev"
    source: hosted
    version: "6.13.0"
  firebase_auth_web:
    dependency: transitive
    description:
      name: firebase_auth_web
      sha256: f50f7026b95c62dba3f0b28bdb3ab3601ea402b4908c1469103f16ae2b0f5281
      url: "https://pub.dev"
    source: hosted
    version: "5.3.0"
  firebase_core:
    dependency: "direct main"
    description:
      name: firebase_core
      sha256: ed611fb8e67e43ecc7956f242cecca383d87cf71aace27287aa5dd4bdba4ac07
      url: "https://pub.dev"
    source: hosted
    version: "2.9.0"
  firebase_core_platform_interface:
    dependency: transitive
    description:
      name: firebase_core_platform_interface
      sha256: "0df0a064ab0cad7f8836291ca6f3272edd7b83ad5b3540478ee46a0849d8022b"
      url: "https://pub.dev"
    source: hosted
    version: "4.6.0"
  firebase_core_web:
    dependency: transitive
    description:
      name: firebase_core_web
      sha256: "347351a8f0518f3343d79a9a0690fa67ad232fc32e2ea270677791949eac792b"
      url: "https://pub.dev"
    source: hosted
    version: "2.3.0"
  flutter:
    dependency: "direct main"
    description: flutter
    source: sdk
    version: "0.0.0"
  flutter_svg:
    dependency: "direct main"
    description:
      name: flutter_svg
      sha256: "9ac1967e2f72a08af11b05b39167920f90d043cf67163d13a544a358c8f31afa"
      url: "https://pub.dev"
    source: hosted
    version: "0.22.0"
  flutter_test:
    dependency: "direct dev"
    description: flutter
    source: sdk
    version: "0.0.0"
  flutter_web_plugins:
    dependency: transitive
    description: flutter
    source: sdk
    version: "0.0.0"
  http_parser:
    dependency: transitive
    description:
      name: http_parser
      sha256: "2aa08ce0341cc9b354a498388e30986515406668dbcc4f7c950c3e715496693b"
      url: "https://pub.dev"
    source: hosted
    version: "4.0.2"
  intl:
    dependency: transitive
    description:
      name: intl
      sha256: "910f85bce16fb5c6f614e117efa303e85a1731bb0081edf3604a2ae6e9a3cc91"
      url: "https://pub.dev"
    source: hosted
    version: "0.17.0"
  js:
    dependency: transitive
    description:
      name: js
      sha256: f2c445dce49627136094980615a031419f7f3eb393237e4ecd97ac15dea343f3
      url: "https://pub.dev"
    source: hosted
    version: "0.6.7"
  matcher:
    dependency: transitive
    description:
      name: matcher
      sha256: c94db23593b89766cda57aab9ac311e3616cf87c6fa4e9749df032f66f30dcb8
      url: "https://pub.dev"
    source: hosted
    version: "0.12.14"
  material_color_utilities:
    dependency: transitive
    description:
      name: material_color_utilities
      sha256: d92141dc6fe1dad30722f9aa826c7fbc896d021d792f80678280601aff8cf724
      url: "https://pub.dev"
    source: hosted
    version: "0.2.0"
  meta:
    dependency: transitive
    description:
      name: meta
      sha256: "12307e7f0605ce3da64cf0db90e5fcab0869f3ca03f76be6bb2991ce0a55e82b"
      url: "https://pub.dev"
    source: hosted
    version: "1.9.0"
  path:
    dependency: transitive
    description:
      name: path
      sha256: "8829d8a55c13fc0e37127c29fedf290c102f4e40ae94ada574091fe0ff96c917"
      url: "https://pub.dev"
    source: hosted
    version: "1.8.3"
  path_drawing:
    dependency: transitive
    description:
      name: path_drawing
      sha256: "3bdd251dae9ffaef944450b73f168610db7e968e7b20daf0c3907f8b4aafc8a2"
      url: "https://pub.dev"
    source: hosted
    version: "0.5.1+1"
  path_parsing:
    dependency: transitive
    description:
      name: path_parsing
      sha256: ee5c47c1058ad66b4a41746ec3996af9593d0858872807bcd64ac118f0700337
      url: "https://pub.dev"
    source: hosted
    version: "0.2.1"
  petitparser:
    dependency: transitive
    description:
      name: petitparser
      sha256: a9346a3fbba7546a28374bdbcd7f54ea48bb47772bf3a7ab4bfaadc40bc8b8c6
      url: "https://pub.dev"
    source: hosted
    version: "5.3.0"
  pin_input_text_field:
    dependency: "direct main"
    description:
      name: pin_input_text_field
      sha256: "712ac2dbf5098443ce90a2e1e6850654037a471bdfc9333b4e0a15e678642e39"
      url: "https://pub.dev"
    source: hosted
    version: "4.5.0"
  plugin_platform_interface:
    dependency: transitive
    description:
      name: plugin_platform_interface
      sha256: "6a2128648c854906c53fa8e33986fc0247a1116122f9534dd20e3ab9e16a32bc"
      url: "https://pub.dev"
    source: hosted
    version: "2.1.4"
  sky_engine:
    dependency: transitive
    description: flutter
    source: sdk
    version: "0.0.99"
  source_span:
    dependency: transitive
    description:
      name: source_span
      sha256: dd904f795d4b4f3b870833847c461801f6750a9fa8e61ea5ac53f9422b31f250
      url: "https://pub.dev"
    source: hosted
    version: "1.9.1"
  stack_trace:
    dependency: transitive
    description:
      name: stack_trace
      sha256: c3c7d8edb15bee7f0f74debd4b9c5f3c2ea86766fe4178eb2a18eb30a0bdaed5
      url: "https://pub.dev"
    source: hosted
    version: "1.11.0"
  stream_channel:
    dependency: transitive
    description:
      name: stream_channel
      sha256: "83615bee9045c1d322bbbd1ba209b7a749c2cbcdcb3fdd1df8eb488b3279c1c8"
      url: "https://pub.dev"
    source: hosted
    version: "2.1.1"
  string_scanner:
    dependency: transitive
    description:
      name: string_scanner
      sha256: "556692adab6cfa87322a115640c11f13cb77b3f076ddcc5d6ae3c20242bedcde"
      url: "https://pub.dev"
    source: hosted
    version: "1.2.0"
  term_glyph:
    dependency: transitive
    description:
      name: term_glyph
      sha256: a29248a84fbb7c79282b40b8c72a1209db169a2e0542bce341da992fe1bc7e84
      url: "https://pub.dev"
    source: hosted
    version: "1.2.1"
  test_api:
    dependency: transitive
    description:
      name: test_api
      sha256: "6182294da5abf431177fccc1ee02401f6df30f766bc6130a0852c6b6d7ee6b2d"
      url: "https://pub.dev"
    source: hosted
    version: "0.4.18"
  typed_data:
    dependency: transitive
    description:
      name: typed_data
      sha256: "26f87ade979c47a150c9eaab93ccd2bebe70a27dc0b4b29517f2904f04eb11a5"
      url: "https://pub.dev"
    source: hosted
    version: "1.3.1"
  vector_math:
    dependency: transitive
    description:
      name: vector_math
      sha256: "80b3257d1492ce4d091729e3a67a60407d227c27241d6927be0130c98e741803"
      url: "https://pub.dev"
    source: hosted
    version: "2.1.4"
  xml:
    dependency: transitive
    description:
      name: xml
      sha256: "80d494c09849dc3f899d227a78c30c5b949b985ededf884cb3f3bcd39f4b447a"
      url: "https://pub.dev"
    source: hosted
    version: "5.4.1"
sdks:
  dart: ">=2.19.2 <4.0.0"
  flutter: ">=3.7.0"
